
Microsoft Visual Studio Solution File, Format Version 12.00
# Visual Studio 15
VisualStudioVersion = 15.0.27703.2026
MinimumVisualStudioVersion = 10.0.40219.1
Project("{888888A0-9F3D-457C-B088-3A5042F75D52}") = "WalletTrakker", "WalletTrakker\WalletTrakker.pyproj", "{AA57D3F1-CC36-46C5-85DF-6D2D0E37E37A}"
EndProject
Global
	GlobalSection(SolutionConfigurationPlatforms) = preSolution
		Debug|Any CPU = Debug|Any CPU
		Release|Any CPU = Release|Any CPU
	EndGlobalSection
	GlobalSection(ProjectConfigurationPlatforms) = postSolution
		{AA57D3F1-CC36-46C5-85DF-6D2D0E37E37A}.Debug|Any CPU.ActiveCfg = Debug|Any CPU
		{AA57D3F1-CC36-46C5-85DF-6D2D0E37E37A}.Debug|Any CPU.Build.0 = Debug|Any CPU
		{AA57D3F1-CC36-46C5-85DF-6D2D0E37E37A}.Release|Any CPU.ActiveCfg = Release|Any CPU
		{AA57D3F1-CC36-46C5-85DF-6D2D0E37E37A}.Release|Any CPU.Build.0 = Release|Any CPU
	EndGlobalSection
	GlobalSection(SolutionProperties) = preSolution
		HideSolutionNode = FALSE
	EndGlobalSection
	GlobalSection(ExtensibilityGlobals) = postSolution
		SolutionGuid = {1FF20D56-7438-4A77-9961-5501867AFC8C}
	EndGlobalSection
EndGlobal
